
Microsoft Visual Studio Solution File, Format Version 12.00
# Visual Studio 15
VisualStudioVersion = 15.0.28307.645
MinimumVisualStudioVersion = 10.0.40219.1
Project("{FAE04EC0-301F-11D3-BF4B-00C04F79EFBC}") = "1. WCF- Lab1", "1. WCF- Lab1\1. WCF- Lab1.csproj", "{F9FEA759-78BD-4DC5-BA38-1023423BBA07}"
EndProject
Project("{FAE04EC0-301F-11D3-BF4B-00C04F79EFBC}") = "ConsoleApp2", "ConsoleApp2\ConsoleApp2.csproj", "{45B4A952-E351-42EC-A270-75CFB2DB044F}"
	ProjectSection(ProjectDependencies) = postProject
		{F9FEA759-78BD-4DC5-BA38-1023423BBA07} = {F9FEA759-78BD-4DC5-BA38-1023423BBA07}
	EndProjectSection
EndProject
Global
	GlobalSection(SolutionConfigurationPlatforms) = preSolution
		Debug|Any CPU = Debug|Any CPU
		Release|Any CPU = Release|Any CPU
	EndGlobalSection
	GlobalSection(ProjectConfigurationPlatforms) = postSolution
		{F9FEA759-78BD-4DC5-BA38-1023423BBA07}.Debug|Any CPU.ActiveCfg = Debug|Any CPU
		{F9FEA759-78BD-4DC5-BA38-1023423BBA07}.Debug|Any CPU.Build.0 = Debug|Any CPU
		{F9FEA759-78BD-4DC5-BA38-1023423BBA07}.Release|Any CPU.ActiveCfg = Release|Any CPU
		{F9FEA759-78BD-4DC5-BA38-1023423BBA07}.Release|Any CPU.Build.0 = Release|Any CPU
		{45B4A952-E351-42EC-A270-75CFB2DB044F}.Debug|Any CPU.ActiveCfg = Debug|Any CPU
		{45B4A952-E351-42EC-A270-75CFB2DB044F}.Debug|Any CPU.Build.0 = Debug|Any CPU
		{45B4A952-E351-42EC-A270-75CFB2DB044F}.Release|Any CPU.ActiveCfg = Release|Any CPU
		{45B4A952-E351-42EC-A270-75CFB2DB044F}.Release|Any CPU.Build.0 = Release|Any CPU
	EndGlobalSection
	GlobalSection(SolutionProperties) = preSolution
		HideSolutionNode = FALSE
	EndGlobalSection
	GlobalSection(ExtensibilityGlobals) = postSolution
		SolutionGuid = {732C52DF-BE3E-4E4C-9E07-2A346080AB31}
	EndGlobalSection
EndGlobal
