
Microsoft Visual Studio Solution File, Format Version 12.00
# Visual Studio 15
VisualStudioVersion = 15.0.28307.645
MinimumVisualStudioVersion = 10.0.40219.1
Project("{FAE04EC0-301F-11D3-BF4B-00C04F79EFBC}") = "Z2 Banka", "Z2 Banka\Z2 Banka.csproj", "{890F45D0-5C70-444D-BAC7-8AE4462AE861}"
EndProject
Project("{FAE04EC0-301F-11D3-BF4B-00C04F79EFBC}") = "BankaKorisnik", "BankaKorisnik\BankaKorisnik.csproj", "{5E1D54B5-3239-4263-9D5D-2B1A2B9EBCFD}"
	ProjectSection(ProjectDependencies) = postProject
		{890F45D0-5C70-444D-BAC7-8AE4462AE861} = {890F45D0-5C70-444D-BAC7-8AE4462AE861}
	EndProjectSection
EndProject
Global
	GlobalSection(SolutionConfigurationPlatforms) = preSolution
		Debug|Any CPU = Debug|Any CPU
		Release|Any CPU = Release|Any CPU
	EndGlobalSection
	GlobalSection(ProjectConfigurationPlatforms) = postSolution
		{890F45D0-5C70-444D-BAC7-8AE4462AE861}.Debug|Any CPU.ActiveCfg = Debug|Any CPU
		{890F45D0-5C70-444D-BAC7-8AE4462AE861}.Debug|Any CPU.Build.0 = Debug|Any CPU
		{890F45D0-5C70-444D-BAC7-8AE4462AE861}.Release|Any CPU.ActiveCfg = Release|Any CPU
		{890F45D0-5C70-444D-BAC7-8AE4462AE861}.Release|Any CPU.Build.0 = Release|Any CPU
		{5E1D54B5-3239-4263-9D5D-2B1A2B9EBCFD}.Debug|Any CPU.ActiveCfg = Debug|Any CPU
		{5E1D54B5-3239-4263-9D5D-2B1A2B9EBCFD}.Debug|Any CPU.Build.0 = Debug|Any CPU
		{5E1D54B5-3239-4263-9D5D-2B1A2B9EBCFD}.Release|Any CPU.ActiveCfg = Release|Any CPU
		{5E1D54B5-3239-4263-9D5D-2B1A2B9EBCFD}.Release|Any CPU.Build.0 = Release|Any CPU
	EndGlobalSection
	GlobalSection(SolutionProperties) = preSolution
		HideSolutionNode = FALSE
	EndGlobalSection
	GlobalSection(ExtensibilityGlobals) = postSolution
		SolutionGuid = {F3C63ECC-B2E0-48F2-89DE-F8C904F3D990}
	EndGlobalSection
EndGlobal
