
Microsoft Visual Studio Solution File, Format Version 12.00
# Visual Studio 15
VisualStudioVersion = 15.0.28307.645
MinimumVisualStudioVersion = 10.0.40219.1
Project("{FAE04EC0-301F-11D3-BF4B-00C04F79EFBC}") = "5. WCF- Dec 2019", "5. WCF- Dec 2019\5. WCF- Dec 2019.csproj", "{AD2322FB-3EFB-4D4E-A0B8-DAB5E365D0E9}"
EndProject
Project("{FAE04EC0-301F-11D3-BF4B-00C04F79EFBC}") = "ConsoleApp1", "ConsoleApp1\ConsoleApp1.csproj", "{A328022D-B7C1-4824-9224-44B480A7A08F}"
	ProjectSection(ProjectDependencies) = postProject
		{AD2322FB-3EFB-4D4E-A0B8-DAB5E365D0E9} = {AD2322FB-3EFB-4D4E-A0B8-DAB5E365D0E9}
	EndProjectSection
EndProject
Global
	GlobalSection(SolutionConfigurationPlatforms) = preSolution
		Debug|Any CPU = Debug|Any CPU
		Release|Any CPU = Release|Any CPU
	EndGlobalSection
	GlobalSection(ProjectConfigurationPlatforms) = postSolution
		{AD2322FB-3EFB-4D4E-A0B8-DAB5E365D0E9}.Debug|Any CPU.ActiveCfg = Debug|Any CPU
		{AD2322FB-3EFB-4D4E-A0B8-DAB5E365D0E9}.Debug|Any CPU.Build.0 = Debug|Any CPU
		{AD2322FB-3EFB-4D4E-A0B8-DAB5E365D0E9}.Release|Any CPU.ActiveCfg = Release|Any CPU
		{AD2322FB-3EFB-4D4E-A0B8-DAB5E365D0E9}.Release|Any CPU.Build.0 = Release|Any CPU
		{A328022D-B7C1-4824-9224-44B480A7A08F}.Debug|Any CPU.ActiveCfg = Debug|Any CPU
		{A328022D-B7C1-4824-9224-44B480A7A08F}.Debug|Any CPU.Build.0 = Debug|Any CPU
		{A328022D-B7C1-4824-9224-44B480A7A08F}.Release|Any CPU.ActiveCfg = Release|Any CPU
		{A328022D-B7C1-4824-9224-44B480A7A08F}.Release|Any CPU.Build.0 = Release|Any CPU
	EndGlobalSection
	GlobalSection(SolutionProperties) = preSolution
		HideSolutionNode = FALSE
	EndGlobalSection
	GlobalSection(ExtensibilityGlobals) = postSolution
		SolutionGuid = {9B2F390D-A3B4-40D7-B55B-7CE48D01BBEE}
	EndGlobalSection
EndGlobal
