
Microsoft Visual Studio Solution File, Format Version 12.00
# Visual Studio 15
VisualStudioVersion = 15.0.28307.645
MinimumVisualStudioVersion = 10.0.40219.1
Project("{FAE04EC0-301F-11D3-BF4B-00C04F79EFBC}") = "Z3 Registracija", "Z3 Registracija\Z3 Registracija.csproj", "{50046B91-EE8B-47E4-BB9B-1897F69CCC28}"
EndProject
Project("{FAE04EC0-301F-11D3-BF4B-00C04F79EFBC}") = "RegistracijaKorisnik", "RegistracijaKorisnik\RegistracijaKorisnik.csproj", "{7AED568E-A272-434B-82CF-286A43A4D803}"
	ProjectSection(ProjectDependencies) = postProject
		{50046B91-EE8B-47E4-BB9B-1897F69CCC28} = {50046B91-EE8B-47E4-BB9B-1897F69CCC28}
	EndProjectSection
EndProject
Global
	GlobalSection(SolutionConfigurationPlatforms) = preSolution
		Debug|Any CPU = Debug|Any CPU
		Release|Any CPU = Release|Any CPU
	EndGlobalSection
	GlobalSection(ProjectConfigurationPlatforms) = postSolution
		{50046B91-EE8B-47E4-BB9B-1897F69CCC28}.Debug|Any CPU.ActiveCfg = Debug|Any CPU
		{50046B91-EE8B-47E4-BB9B-1897F69CCC28}.Debug|Any CPU.Build.0 = Debug|Any CPU
		{50046B91-EE8B-47E4-BB9B-1897F69CCC28}.Release|Any CPU.ActiveCfg = Release|Any CPU
		{50046B91-EE8B-47E4-BB9B-1897F69CCC28}.Release|Any CPU.Build.0 = Release|Any CPU
		{7AED568E-A272-434B-82CF-286A43A4D803}.Debug|Any CPU.ActiveCfg = Debug|Any CPU
		{7AED568E-A272-434B-82CF-286A43A4D803}.Debug|Any CPU.Build.0 = Debug|Any CPU
		{7AED568E-A272-434B-82CF-286A43A4D803}.Release|Any CPU.ActiveCfg = Release|Any CPU
		{7AED568E-A272-434B-82CF-286A43A4D803}.Release|Any CPU.Build.0 = Release|Any CPU
	EndGlobalSection
	GlobalSection(SolutionProperties) = preSolution
		HideSolutionNode = FALSE
	EndGlobalSection
	GlobalSection(ExtensibilityGlobals) = postSolution
		SolutionGuid = {7863063D-6E9E-4B78-A514-6D15EDFB32BB}
	EndGlobalSection
EndGlobal
