
Microsoft Visual Studio Solution File, Format Version 12.00
# Visual Studio 15
VisualStudioVersion = 15.0.28307.645
MinimumVisualStudioVersion = 10.0.40219.1
Project("{FAE04EC0-301F-11D3-BF4B-00C04F79EFBC}") = "2. WCF- Lab2", "2. WCF- Lab2\2. WCF- Lab2.csproj", "{62E5B059-AE82-4CB7-913D-9E9396BDCCE1}"
EndProject
Project("{FAE04EC0-301F-11D3-BF4B-00C04F79EFBC}") = "ConsoleApp2", "ConsoleApp2\ConsoleApp2.csproj", "{72AC26D1-C19D-40B4-A040-A7386D30AE8A}"
	ProjectSection(ProjectDependencies) = postProject
		{EF085FCD-373B-41E9-9436-7CBB2DE568AE} = {EF085FCD-373B-41E9-9436-7CBB2DE568AE}
	EndProjectSection
EndProject
Project("{FAE04EC0-301F-11D3-BF4B-00C04F79EFBC}") = "Lab 2", "Lab 2\Lab 2.csproj", "{EF085FCD-373B-41E9-9436-7CBB2DE568AE}"
EndProject
Global
	GlobalSection(SolutionConfigurationPlatforms) = preSolution
		Debug|Any CPU = Debug|Any CPU
		Release|Any CPU = Release|Any CPU
	EndGlobalSection
	GlobalSection(ProjectConfigurationPlatforms) = postSolution
		{62E5B059-AE82-4CB7-913D-9E9396BDCCE1}.Debug|Any CPU.ActiveCfg = Debug|Any CPU
		{62E5B059-AE82-4CB7-913D-9E9396BDCCE1}.Debug|Any CPU.Build.0 = Debug|Any CPU
		{62E5B059-AE82-4CB7-913D-9E9396BDCCE1}.Release|Any CPU.ActiveCfg = Release|Any CPU
		{62E5B059-AE82-4CB7-913D-9E9396BDCCE1}.Release|Any CPU.Build.0 = Release|Any CPU
		{72AC26D1-C19D-40B4-A040-A7386D30AE8A}.Debug|Any CPU.ActiveCfg = Debug|Any CPU
		{72AC26D1-C19D-40B4-A040-A7386D30AE8A}.Debug|Any CPU.Build.0 = Debug|Any CPU
		{72AC26D1-C19D-40B4-A040-A7386D30AE8A}.Release|Any CPU.ActiveCfg = Release|Any CPU
		{72AC26D1-C19D-40B4-A040-A7386D30AE8A}.Release|Any CPU.Build.0 = Release|Any CPU
		{EF085FCD-373B-41E9-9436-7CBB2DE568AE}.Debug|Any CPU.ActiveCfg = Debug|Any CPU
		{EF085FCD-373B-41E9-9436-7CBB2DE568AE}.Debug|Any CPU.Build.0 = Debug|Any CPU
		{EF085FCD-373B-41E9-9436-7CBB2DE568AE}.Release|Any CPU.ActiveCfg = Release|Any CPU
		{EF085FCD-373B-41E9-9436-7CBB2DE568AE}.Release|Any CPU.Build.0 = Release|Any CPU
	EndGlobalSection
	GlobalSection(SolutionProperties) = preSolution
		HideSolutionNode = FALSE
	EndGlobalSection
	GlobalSection(ExtensibilityGlobals) = postSolution
		SolutionGuid = {9B317942-A564-48E3-98F1-34500C33F0D3}
	EndGlobalSection
EndGlobal
