
Microsoft Visual Studio Solution File, Format Version 12.00
# Visual Studio 15
VisualStudioVersion = 15.0.28307.645
MinimumVisualStudioVersion = 10.0.40219.1
Project("{FAE04EC0-301F-11D3-BF4B-00C04F79EFBC}") = "Lab Z2 Banka", "Lab Z2 Banka\Lab Z2 Banka.csproj", "{C8A55562-37B7-4993-85E6-B4067E2B9B99}"
EndProject
Project("{FAE04EC0-301F-11D3-BF4B-00C04F79EFBC}") = "Banka Korisnik", "Banka Korisnik\Banka Korisnik.csproj", "{BB69ED7B-EF40-4245-8AFA-D77BD7F2B97E}"
	ProjectSection(ProjectDependencies) = postProject
		{C8A55562-37B7-4993-85E6-B4067E2B9B99} = {C8A55562-37B7-4993-85E6-B4067E2B9B99}
	EndProjectSection
EndProject
Global
	GlobalSection(SolutionConfigurationPlatforms) = preSolution
		Debug|Any CPU = Debug|Any CPU
		Release|Any CPU = Release|Any CPU
	EndGlobalSection
	GlobalSection(ProjectConfigurationPlatforms) = postSolution
		{C8A55562-37B7-4993-85E6-B4067E2B9B99}.Debug|Any CPU.ActiveCfg = Debug|Any CPU
		{C8A55562-37B7-4993-85E6-B4067E2B9B99}.Debug|Any CPU.Build.0 = Debug|Any CPU
		{C8A55562-37B7-4993-85E6-B4067E2B9B99}.Release|Any CPU.ActiveCfg = Release|Any CPU
		{C8A55562-37B7-4993-85E6-B4067E2B9B99}.Release|Any CPU.Build.0 = Release|Any CPU
		{BB69ED7B-EF40-4245-8AFA-D77BD7F2B97E}.Debug|Any CPU.ActiveCfg = Debug|Any CPU
		{BB69ED7B-EF40-4245-8AFA-D77BD7F2B97E}.Debug|Any CPU.Build.0 = Debug|Any CPU
		{BB69ED7B-EF40-4245-8AFA-D77BD7F2B97E}.Release|Any CPU.ActiveCfg = Release|Any CPU
		{BB69ED7B-EF40-4245-8AFA-D77BD7F2B97E}.Release|Any CPU.Build.0 = Release|Any CPU
	EndGlobalSection
	GlobalSection(SolutionProperties) = preSolution
		HideSolutionNode = FALSE
	EndGlobalSection
	GlobalSection(ExtensibilityGlobals) = postSolution
		SolutionGuid = {37E69986-970E-4FEC-8AF4-32E044564CF3}
	EndGlobalSection
EndGlobal
